
Microsoft Visual Studio Solution File, Format Version 12.00
# Visual Studio Version 17
VisualStudioVersion = 17.3.32929.385
MinimumVisualStudioVersion = 10.0.40219.1
Project("{FAE04EC0-301F-11D3-BF4B-00C04F79EFBC}") = "Presentación", "Presentación.csproj", "{F5A92E83-C29C-4897-A7C8-608FA6F5575D}"
	ProjectSection(ProjectDependencies) = postProject
		{9007BBFB-CB3A-4634-ABEE-91E04E9A0BBB} = {9007BBFB-CB3A-4634-ABEE-91E04E9A0BBB}
	EndProjectSection
EndProject
Project("{FAE04EC0-301F-11D3-BF4B-00C04F79EFBC}") = "Datos", "Datos\Datos.csproj", "{F8D43C45-C075-4DA7-97A7-401B6AA05E2A}"
EndProject
Project("{FAE04EC0-301F-11D3-BF4B-00C04F79EFBC}") = "Negocio", "Negocio\Negocio.csproj", "{9007BBFB-CB3A-4634-ABEE-91E04E9A0BBB}"
EndProject
Project("{FAE04EC0-301F-11D3-BF4B-00C04F79EFBC}") = "Persistencia", "Persistencia\Persistencia.csproj", "{AC403D4A-C5EF-4FC2-B087-6D853CE04DC4}"
EndProject
Global
	GlobalSection(SolutionConfigurationPlatforms) = preSolution
		Debug|Any CPU = Debug|Any CPU
		Release|Any CPU = Release|Any CPU
	EndGlobalSection
	GlobalSection(ProjectConfigurationPlatforms) = postSolution
		{F5A92E83-C29C-4897-A7C8-608FA6F5575D}.Debug|Any CPU.ActiveCfg = Debug|Any CPU
		{F5A92E83-C29C-4897-A7C8-608FA6F5575D}.Debug|Any CPU.Build.0 = Debug|Any CPU
		{F5A92E83-C29C-4897-A7C8-608FA6F5575D}.Release|Any CPU.ActiveCfg = Release|Any CPU
		{F5A92E83-C29C-4897-A7C8-608FA6F5575D}.Release|Any CPU.Build.0 = Release|Any CPU
		{F8D43C45-C075-4DA7-97A7-401B6AA05E2A}.Debug|Any CPU.ActiveCfg = Debug|Any CPU
		{F8D43C45-C075-4DA7-97A7-401B6AA05E2A}.Debug|Any CPU.Build.0 = Debug|Any CPU
		{F8D43C45-C075-4DA7-97A7-401B6AA05E2A}.Release|Any CPU.ActiveCfg = Release|Any CPU
		{F8D43C45-C075-4DA7-97A7-401B6AA05E2A}.Release|Any CPU.Build.0 = Release|Any CPU
		{9007BBFB-CB3A-4634-ABEE-91E04E9A0BBB}.Debug|Any CPU.ActiveCfg = Debug|Any CPU
		{9007BBFB-CB3A-4634-ABEE-91E04E9A0BBB}.Debug|Any CPU.Build.0 = Debug|Any CPU
		{9007BBFB-CB3A-4634-ABEE-91E04E9A0BBB}.Release|Any CPU.ActiveCfg = Release|Any CPU
		{9007BBFB-CB3A-4634-ABEE-91E04E9A0BBB}.Release|Any CPU.Build.0 = Release|Any CPU
		{AC403D4A-C5EF-4FC2-B087-6D853CE04DC4}.Debug|Any CPU.ActiveCfg = Debug|Any CPU
		{AC403D4A-C5EF-4FC2-B087-6D853CE04DC4}.Debug|Any CPU.Build.0 = Debug|Any CPU
		{AC403D4A-C5EF-4FC2-B087-6D853CE04DC4}.Release|Any CPU.ActiveCfg = Release|Any CPU
		{AC403D4A-C5EF-4FC2-B087-6D853CE04DC4}.Release|Any CPU.Build.0 = Release|Any CPU
	EndGlobalSection
	GlobalSection(SolutionProperties) = preSolution
		HideSolutionNode = FALSE
	EndGlobalSection
	GlobalSection(ExtensibilityGlobals) = postSolution
		SolutionGuid = {9E84FBD8-E4CD-47A8-8D79-760828143AE4}
	EndGlobalSection
EndGlobal
