
Microsoft Visual Studio Solution File, Format Version 12.00
# Visual Studio Version 17
VisualStudioVersion = 17.3.32929.385
MinimumVisualStudioVersion = 10.0.40219.1
Project("{FAE04EC0-301F-11D3-BF4B-00C04F79EFBC}") = "Form_Equipo1", "Form_Equipo1.csproj", "{F5A92E83-C29C-4897-A7C8-608FA6F5575D}"
EndProject
Global
	GlobalSection(SolutionConfigurationPlatforms) = preSolution
		Debug|Any CPU = Debug|Any CPU
		Release|Any CPU = Release|Any CPU
	EndGlobalSection
	GlobalSection(ProjectConfigurationPlatforms) = postSolution
		{F5A92E83-C29C-4897-A7C8-608FA6F5575D}.Debug|Any CPU.ActiveCfg = Debug|Any CPU
		{F5A92E83-C29C-4897-A7C8-608FA6F5575D}.Debug|Any CPU.Build.0 = Debug|Any CPU
		{F5A92E83-C29C-4897-A7C8-608FA6F5575D}.Release|Any CPU.ActiveCfg = Release|Any CPU
		{F5A92E83-C29C-4897-A7C8-608FA6F5575D}.Release|Any CPU.Build.0 = Release|Any CPU
	EndGlobalSection
	GlobalSection(SolutionProperties) = preSolution
		HideSolutionNode = FALSE
	EndGlobalSection
	GlobalSection(ExtensibilityGlobals) = postSolution
		SolutionGuid = {9E84FBD8-E4CD-47A8-8D79-760828143AE4}
	EndGlobalSection
EndGlobal
